// !$*UTF8*$!
{
	archiveVersion = 1;
	classes = {
	};
	objectVersion = 46;
	objects = {

/* Begin PBXBuildFile section */
		298980761EEE7EC200D20CE3 /* main.swift in Sources */ = {isa = PBXBuildFile; fileRef = 298980751EEE7EC200D20CE3 /* main.swift */; };
		29F7494A1EEF92020058210D /* test1.swift in Sources */ = {isa = PBXBuildFile; fileRef = 29F749491EEF92020058210D /* test1.swift */; };
		29F7494C1EEF96CE0058210D /* test2.swift in Sources */ = {isa = PBXBuildFile; fileRef = 29F7494B1EEF96CE0058210D /* test2.swift */; };
/* End PBXBuildFile section */

/* Begin PBXCopyFilesBuildPhase section */
		298980701EEE7EC200D20CE3 /* CopyFiles */ = {
			isa = PBXCopyFilesBuildPhase;
			buildActionMask = 2147483647;
			dstPath = /usr/share/man/man1/;
			dstSubfolderSpec = 0;
			files = (
			);
			runOnlyForDeploymentPostprocessing = 1;
		};
/* End PBXCopyFilesBuildPhase section */

/* Begin PBXFileReference section */
		298980721EEE7EC200D20CE3 /* RongS06 */ = {isa = PBXFileReference; explicitFileType = "compiled.mach-o.executable"; includeInIndex = 0; path = RongS06; sourceTree = BUILT_PRODUCTS_DIR; };
		298980751EEE7EC200D20CE3 /* main.swift */ = {isa = PBXFileReference; lastKnownFileType = sourcecode.swift; path = main.swift; sourceTree = "<group>"; };
		29F749491EEF92020058210D /* test1.swift */ = {isa = PBXFileReference; fileEncoding = 4; lastKnownFileType = sourcecode.swift; path = test1.swift; sourceTree = "<group>"; };
		29F7494B1EEF96CE0058210D /* test2.swift */ = {isa = PBXFileReference; fileEncoding = 4; lastKnownFileType = sourcecode.swift; path = test2.swift; sourceTree = "<group>"; };
/* End PBXFileReference section */

/* Begin PBXFrameworksBuildPhase section */
		2989806F1EEE7EC200D20CE3 /* Frameworks */ = {
			isa = PBXFrameworksBuildPhase;
			buildActionMask = 2147483647;
			files = (
			);
			runOnlyForDeploymentPostprocessing = 0;
		};
/* End PBXFrameworksBuildPhase section */

/* Begin PBXGroup section */
		298980691EEE7EC200D20CE3 = {
			isa = PBXGroup;
			children = (
				298980741EEE7EC200D20CE3 /* RongS06 */,
				298980731EEE7EC200D20CE3 /* Products */,
			);
			sourceTree = "<group>";
		};
		298980731EEE7EC200D20CE3 /* Products */ = {
			isa = PBXGroup;
			children = (
				298980721EEE7EC200D20CE3 /* RongS06 */,
			);
			name = Products;
			sourceTree = "<group>";
		};
		298980741EEE7EC200D20CE3 /* RongS06 */ = {
			isa = PBXGroup;
			children = (
				298980751EEE7EC200D20CE3 /* main.swift */,
				29F749491EEF92020058210D /* test1.swift */,
				29F7494B1EEF96CE0058210D /* test2.swift */,
			);
			path = RongS06;
			sourceTree = "<group>";
		};
/* End PBXGroup section */

/* Begin PBXNativeTarget section */
		298980711EEE7EC200D20CE3 /* RongS06 */ = {
			isa = PBXNativeTarget;
			buildConfigurationList = 298980791EEE7EC200D20CE3 /* Build configuration list for PBXNativeTarget "RongS06" */;
			buildPhases = (
				2989806E1EEE7EC200D20CE3 /* Sources */,
				2989806F1EEE7EC200D20CE3 /* Frameworks */,
				298980701EEE7EC200D20CE3 /* CopyFiles */,
			);
			buildRules = (
			);
			dependencies = (
			);
			name = RongS06;
			productName = RongS06;
			productReference = 298980721EEE7EC200D20CE3 /* RongS06 */;
			productType = "com.apple.product-type.tool";
		};
/* End PBXNativeTarget section */

/* Begin PBXProject section */
		2989806A1EEE7EC200D20CE3 /* Project object */ = {
			isa = PBXProject;
			attributes = {
				LastSwiftUpdateCheck = 0830;
				LastUpgradeCheck = 0830;
				ORGANIZATIONNAME = iii;
				TargetAttributes = {
					298980711EEE7EC200D20CE3 = {
						CreatedOnToolsVersion = 8.3.3;
						DevelopmentTeam = SHM7BV492J;
						ProvisioningStyle = Automatic;
					};
				};
			};
			buildConfigurationList = 2989806D1EEE7EC200D20CE3 /* Build configuration list for PBXProject "RongS06" */;
			compatibilityVersion = "Xcode 3.2";
			developmentRegion = English;
			hasScannedForEncodings = 0;
			knownRegions = (
				en,
			);
			mainGroup = 298980691EEE7EC200D20CE3;
			productRefGroup = 298980731EEE7EC200D20CE3 /* Products */;
			projectDirPath = "";
			projectRoot = "";
			targets = (
				298980711EEE7EC200D20CE3 /* RongS06 */,
			);
		};
/* End PBXProject section */

/* Begin PBXSourcesBuildPhase section */
		2989806E1EEE7EC200D20CE3 /* Sources */ = {
			isa = PBXSourcesBuildPhase;
			buildActionMask = 2147483647;
			files = (
				298980761EEE7EC200D20CE3 /* main.swift in Sources */,
				29F7494C1EEF96CE0058210D /* test2.swift in Sources */,
				29F7494A1EEF92020058210D /* test1.swift in Sources */,
			);
			runOnlyForDeploymentPostprocessing = 0;
		};
/* End PBXSourcesBuildPhase section */

/* Begin XCBuildConfiguration section */
		298980771EEE7EC200D20CE3 /* Debug */ = {
			isa = XCBuildConfiguration;
			buildSettings = {
				ALWAYS_SEARCH_USER_PATHS = NO;
				CLANG_ANALYZER_NONNULL = YES;
				CLANG_ANALYZER_NUMBER_OBJECT_CONVERSION = YES_AGGRESSIVE;
				CLANG_CXX_LANGUAGE_STANDARD = "gnu++0x";
				CLANG_CXX_LIBRARY = "libc++";
				CLANG_ENABLE_MODULES = YES;
				CLANG_ENABLE_OBJC_ARC = YES;
				CLANG_WARN_BOOL_CONVERSION = YES;
				CLANG_WARN_CONSTANT_CONVERSION = YES;
				CLANG_WARN_DIRECT_OBJC_ISA_USAGE = YES_ERROR;
				CLANG_WARN_DOCUMENTATION_COMMENTS = YES;
				CLANG_WARN_EMPTY_BODY = YES;
				CLANG_WARN_ENUM_CONVERSION = YES;
				CLANG_WARN_INFINITE_RECURSION = YES;
				CLANG_WARN_INT_CONVERSION = YES;
				CLANG_WARN_OBJC_ROOT_CLASS = YES_ERROR;
				CLANG_WARN_SUSPICIOUS_MOVE = YES;
				CLANG_WARN_UNREACHABLE_CODE = YES;
				CLANG_WARN__DUPLICATE_METHOD_MATCH = YES;
				CODE_SIGN_IDENTITY = "-";
				COPY_PHASE_STRIP = NO;
				DEBUG_INFORMATION_FORMAT = dwarf;
				ENABLE_STRICT_OBJC_MSGSEND = YES;
				ENABLE_TESTABILITY = YES;
				GCC_C_LANGUAGE_STANDARD = gnu99;
				GCC_DYNAMIC_NO_PIC = NO;
				GCC_NO_COMMON_BLOCKS = YES;
				GCC_OPTIMIZATION_LEVEL = 0;
				GCC_PREPROCESSOR_DEFINITIONS = (
					"DEBUG=1",
					"$(inherited)",
				);
				GCC_WARN_64_TO_32_BIT_CONVERSION = YES;
				GCC_WARN_ABOUT_RETURN_TYPE = YES_ERROR;
				GCC_WARN_UNDECLARED_SELECTOR = YES;
				GCC_WARN_UNINITIALIZED_AUTOS = YES_AGGRESSIVE;
				GCC_WARN_UNUSED_FUNCTION = YES;
				GCC_WARN_UNUSED_VARIABLE = YES;
				MACOSX_DEPLOYMENT_TARGET = 10.12;
				MTL_ENABLE_DEBUG_INFO = YES;
				ONLY_ACTIVE_ARCH = YES;
				SDKROOT = macosx;
				SWIFT_OPTIMIZATION_LEVEL = "-Onone";
			};
			name = Debug;
		};
		298980781EEE7EC200D20CE3 /* Release */ = {
			isa = XCBuildConfiguration;
			buildSettings = {
				ALWAYS_SEARCH_USER_PATHS = NO;
				CLANG_ANALYZER_NONNULL = YES;
				CLANG_ANALYZER_NUMBER_OBJECT_CONVERSION = YES_AGGRESSIVE;
				CLANG_CXX_LANGUAGE_STANDARD = "gnu++0x";
				CLANG_CXX_LIBRARY = "libc++";
				CLANG_ENABLE_MODULES = YES;
				CLANG_ENABLE_OBJC_ARC = YES;
				CLANG_WARN_BOOL_CONVERSION = YES;
				CLANG_WARN_CONSTANT_CONVERSION = YES;
				CLANG_WARN_DIRECT_OBJC_ISA_USAGE = YES_ERROR;
				CLANG_WARN_DOCUMENTATION_COMMENTS = YES;
				CLANG_WARN_EMPTY_BODY = YES;
				CLANG_WARN_ENUM_CONVERSION = YES;
				CLANG_WARN_INFINITE_RECURSION = YES;
				CLANG_WARN_INT_CONVERSION = YES;
				CLANG_WARN_OBJC_ROOT_CLASS = YES_ERROR;
				CLANG_WARN_SUSPICIOUS_MOVE = YES;
				CLANG_WARN_UNREACHABLE_CODE = YES;
				CLANG_WARN__DUPLICATE_METHOD_MATCH = YES;
				CODE_SIGN_IDENTITY = "-";
				COPY_PHASE_STRIP = NO;
				DEBUG_INFORMATION_FORMAT = "dwarf-with-dsym";
				ENABLE_NS_ASSERTIONS = NO;
				ENABLE_STRICT_OBJC_MSGSEND = YES;
				GCC_C_LANGUAGE_STANDARD = gnu99;
				GCC_NO_COMMON_BLOCKS = YES;
				GCC_WARN_64_TO_32_BIT_CONVERSION = YES;
				GCC_WARN_ABOUT_RETURN_TYPE = YES_ERROR;
				GCC_WARN_UNDECLARED_SELECTOR = YES;
				GCC_WARN_UNINITIALIZED_AUTOS = YES_AGGRESSIVE;
				GCC_WARN_UNUSED_FUNCTION = YES;
				GCC_WARN_UNUSED_VARIABLE = YES;
				MACOSX_DEPLOYMENT_TARGET = 10.12;
				MTL_ENABLE_DEBUG_INFO = NO;
				SDKROOT = macosx;
			};
			name = Release;
		};
		2989807A1EEE7EC200D20CE3 /* Debug */ = {
			isa = XCBuildConfiguration;
			buildSettings = {
				DEVELOPMENT_TEAM = SHM7BV492J;
				PRODUCT_NAME = "$(TARGET_NAME)";
				SWIFT_VERSION = 3.0;
			};
			name = Debug;
		};
		2989807B1EEE7EC200D20CE3 /* Release */ = {
			isa = XCBuildConfiguration;
			buildSettings = {
				DEVELOPMENT_TEAM = SHM7BV492J;
				PRODUCT_NAME = "$(TARGET_NAME)";
				SWIFT_VERSION = 3.0;
			};
			name = Release;
		};
/* End XCBuildConfiguration section */

/* Begin XCConfigurationList section */
		2989806D1EEE7EC200D20CE3 /* Build configuration list for PBXProject "RongS06" */ = {
			isa = XCConfigurationList;
			buildConfigurations = (
				298980771EEE7EC200D20CE3 /* Debug */,
				298980781EEE7EC200D20CE3 /* Release */,
			);
			defaultConfigurationIsVisible = 0;
			defaultConfigurationName = Release;
		};
		298980791EEE7EC200D20CE3 /* Build configuration list for PBXNativeTarget "RongS06" */ = {
			isa = XCConfigurationList;
			buildConfigurations = (
				2989807A1EEE7EC200D20CE3 /* Debug */,
				2989807B1EEE7EC200D20CE3 /* Release */,
			);
			defaultConfigurationIsVisible = 0;
			defaultConfigurationName = Release;
		};
/* End XCConfigurationList section */
	};
	rootObject = 2989806A1EEE7EC200D20CE3 /* Project object */;
}
